<?xml version="1.0" encoding="utf-8"?>
<Project ToolsVersion="4.0" xmlns="http://schemas.microsoft.com/developer/msbuild/2003">
  <ItemGroup>
    <ClCompile Include="includes\sciter\sciter-win-main.cpp" />
    <ClCompile Include="raumserverInstaller.cpp" />
    <ClCompile Include="raumserverInstallerView.cpp" />
    <ClCompile Include="json\jsoncpp.cpp">
      <Filter>json</Filter>
    </ClCompile>
  </ItemGroup>
  <ItemGroup>
    <None Include="res\installer.htm">
      <Filter>res</Filter>
    </None>
    <None Include="res\tis\application.tis">
      <Filter>res\tis</Filter>
    </None>
    <None Include="res\tis\deviceSelection.tis">
      <Filter>res\tis</Filter>
    </None>
    <None Include="res\tis\deviceSelectionPage.tis">
      <Filter>res\tis</Filter>
    </None>
    <None Include="res\tis\global.tis">
      <Filter>res\tis</Filter>
    </None>
    <None Include="res\tis\installProgressPage.tis">
      <Filter>res\tis</Filter>
    </None>
    <None Include="res\tis\moveable-view.tis">
      <Filter>res\tis</Filter>
    </None>
    <None Include="res\tis\networkAdapterSelection.tis">
      <Filter>res\tis</Filter>
    </None>
    <None Include="res\tis\networkAdapterSelectionPage.tis">
      <Filter>res\tis</Filter>
    </None>
    <None Include="res\tis\pageNavigation.tis">
      <Filter>res\tis</Filter>
    </None>
    <None Include="res\tis\resizeable.tis">
      <Filter>res\tis</Filter>
    </None>
    <None Include="res\tis\vlist.tis">
      <Filter>res\tis</Filter>
    </None>
    <None Include="res\css\application.css">
      <Filter>res\css</Filter>
    </None>
    <None Include="res\css\resizeable.css">
      <Filter>res\css</Filter>
    </None>
    <None Include="res\css\vgrid.css">
      <Filter>res\css</Filter>
    </None>
  </ItemGroup>
  <ItemGroup>
    <Filter Include="res">
      <UniqueIdentifier>{846724c6-4a5a-4300-ab70-3a02c2e6e6df}</UniqueIdentifier>
    </Filter>
    <Filter Include="includes">
      <UniqueIdentifier>{5affef2e-4150-4be4-871a-3467f34e424c}</UniqueIdentifier>
    </Filter>
    <Filter Include="includes\json">
      <UniqueIdentifier>{e6be2b78-11b9-4fef-9532-5378e97497e1}</UniqueIdentifier>
    </Filter>
    <Filter Include="json">
      <UniqueIdentifier>{0bdd28dc-3e0b-4245-b4e1-05c2292d367b}</UniqueIdentifier>
    </Filter>
    <Filter Include="includes\tools">
      <UniqueIdentifier>{a2384224-670e-4153-a732-fe4fdbf10dff}</UniqueIdentifier>
    </Filter>
    <Filter Include="res\tis">
      <UniqueIdentifier>{527ba6b5-c9a3-479b-b77b-017ef8950c23}</UniqueIdentifier>
    </Filter>
    <Filter Include="res\images">
      <UniqueIdentifier>{d7ea001f-a06d-42e0-ac8d-2314678ba389}</UniqueIdentifier>
    </Filter>
    <Filter Include="res\css">
      <UniqueIdentifier>{4bc0863d-c2c7-4a3f-b891-a1876a05e7a6}</UniqueIdentifier>
    </Filter>
  </ItemGroup>
  <ItemGroup>
    <ClInclude Include="includes\raumserverInstallerView.h">
      <Filter>includes</Filter>
    </ClInclude>
    <ClInclude Include="includes\json\json.h">
      <Filter>includes\json</Filter>
    </ClInclude>
    <ClInclude Include="includes\json\json-forwards.h">
      <Filter>includes\json</Filter>
    </ClInclude>
    <ClInclude Include="includes\tools\converter.h">
      <Filter>includes\tools</Filter>
    </ClInclude>
  </ItemGroup>
  <ItemGroup>
    <Image Include="res\images\raumserverInstallerLogo.png">
      <Filter>res\images</Filter>
    </Image>
  </ItemGroup>
</Project>