<?xml version="1.0" encoding="utf-8"?>
<Project ToolsVersion="4.0" xmlns="http://schemas.microsoft.com/developer/msbuild/2003">
  <ItemGroup>
    <ClCompile Include="includes\sciter\sciter-win-main.cpp" />
    <ClCompile Include="raumserverInstaller.cpp" />
    <ClCompile Include="raumserverInstallerView.cpp" />
    <ClCompile Include="json\jsoncpp.cpp">
      <Filter>json</Filter>
    </ClCompile>
  </ItemGroup>
  <ItemGroup>
    <None Include="res\moveable-view.tis">
      <Filter>res</Filter>
    </None>
    <None Include="res\resizeable.tis">
      <Filter>res</Filter>
    </None>
    <None Include="res\installer.htm">
      <Filter>res</Filter>
    </None>
    <None Include="res\networkAdapterSelection.tis">
      <Filter>res</Filter>
    </None>
    <None Include="res\networkAdapterSelectionPage.tis">
      <Filter>res</Filter>
    </None>
    <None Include="res\deviceSelectionPage.tis">
      <Filter>res</Filter>
    </None>
    <None Include="res\global.tis">
      <Filter>res</Filter>
    </None>
    <None Include="res\installProgressPage.tis">
      <Filter>res</Filter>
    </None>
    <None Include="res\pageNavigation.tis">
      <Filter>res</Filter>
    </None>
    <None Include="res\application.tis">
      <Filter>res</Filter>
    </None>
    <None Include="res\application.css">
      <Filter>res</Filter>
    </None>
    <None Include="res\resizeable.css">
      <Filter>res</Filter>
    </None>
    <None Include="res\vgrid.css">
      <Filter>res</Filter>
    </None>
    <None Include="res\deviceSelection.tis">
      <Filter>res</Filter>
    </None>
  </ItemGroup>
  <ItemGroup>
    <Filter Include="res">
      <UniqueIdentifier>{846724c6-4a5a-4300-ab70-3a02c2e6e6df}</UniqueIdentifier>
    </Filter>
    <Filter Include="includes">
      <UniqueIdentifier>{5affef2e-4150-4be4-871a-3467f34e424c}</UniqueIdentifier>
    </Filter>
    <Filter Include="includes\json">
      <UniqueIdentifier>{e6be2b78-11b9-4fef-9532-5378e97497e1}</UniqueIdentifier>
    </Filter>
    <Filter Include="json">
      <UniqueIdentifier>{0bdd28dc-3e0b-4245-b4e1-05c2292d367b}</UniqueIdentifier>
    </Filter>
  </ItemGroup>
  <ItemGroup>
    <ClInclude Include="includes\raumserverInstallerView.h">
      <Filter>includes</Filter>
    </ClInclude>
    <ClInclude Include="includes\json\json.h">
      <Filter>includes\json</Filter>
    </ClInclude>
    <ClInclude Include="includes\json\json-forwards.h">
      <Filter>includes\json</Filter>
    </ClInclude>
  </ItemGroup>
</Project>